
Microsoft Visual Studio Solution File, Format Version 12.00
# Visual Studio 15
VisualStudioVersion = 15.0.27703.2000
MinimumVisualStudioVersion = 10.0.40219.1
Project("{FAE04EC0-301F-11D3-BF4B-00C04F79EFBC}") = "core-tdd", "core-tdd\core-tdd.csproj", "{B1693E46-10BB-459C-A7E2-FF5C82E28700}"
EndProject
Project("{FAE04EC0-301F-11D3-BF4B-00C04F79EFBC}") = "core-tdd-test", "core-tdd-test\core-tdd-test.csproj", "{6F02D40B-24D7-4832-99AA-F5A7B514C3F6}"
EndProject
Global
	GlobalSection(SolutionConfigurationPlatforms) = preSolution
		Debug|Any CPU = Debug|Any CPU
		Release|Any CPU = Release|Any CPU
	EndGlobalSection
	GlobalSection(ProjectConfigurationPlatforms) = postSolution
		{B1693E46-10BB-459C-A7E2-FF5C82E28700}.Debug|Any CPU.ActiveCfg = Debug|Any CPU
		{B1693E46-10BB-459C-A7E2-FF5C82E28700}.Debug|Any CPU.Build.0 = Debug|Any CPU
		{B1693E46-10BB-459C-A7E2-FF5C82E28700}.Release|Any CPU.ActiveCfg = Release|Any CPU
		{B1693E46-10BB-459C-A7E2-FF5C82E28700}.Release|Any CPU.Build.0 = Release|Any CPU
		{6F02D40B-24D7-4832-99AA-F5A7B514C3F6}.Debug|Any CPU.ActiveCfg = Debug|Any CPU
		{6F02D40B-24D7-4832-99AA-F5A7B514C3F6}.Debug|Any CPU.Build.0 = Debug|Any CPU
		{6F02D40B-24D7-4832-99AA-F5A7B514C3F6}.Release|Any CPU.ActiveCfg = Release|Any CPU
		{6F02D40B-24D7-4832-99AA-F5A7B514C3F6}.Release|Any CPU.Build.0 = Release|Any CPU
	EndGlobalSection
	GlobalSection(SolutionProperties) = preSolution
		HideSolutionNode = FALSE
	EndGlobalSection
	GlobalSection(ExtensibilityGlobals) = postSolution
		SolutionGuid = {A2C565CF-15FD-47F3-8D8E-D92667C8722D}
	EndGlobalSection
EndGlobal
